
Microsoft Visual Studio Solution File, Format Version 12.00
# Visual Studio Version 16
VisualStudioVersion = 16.0.30804.86
MinimumVisualStudioVersion = 10.0.40219.1
Project("{FAE04EC0-301F-11D3-BF4B-00C04F79EFBC}") = "Acclaim_modern", "Acclaim_modern\Acclaim_modern.csproj", "{D452291D-8FBD-4726-A1EB-B219221B09B0}"
EndProject
Global
	GlobalSection(SolutionConfigurationPlatforms) = preSolution
		Debug|Any CPU = Debug|Any CPU
		Release|Any CPU = Release|Any CPU
	EndGlobalSection
	GlobalSection(ProjectConfigurationPlatforms) = postSolution
		{D452291D-8FBD-4726-A1EB-B219221B09B0}.Debug|Any CPU.ActiveCfg = Debug|Any CPU
		{D452291D-8FBD-4726-A1EB-B219221B09B0}.Debug|Any CPU.Build.0 = Debug|Any CPU
		{D452291D-8FBD-4726-A1EB-B219221B09B0}.Release|Any CPU.ActiveCfg = Release|Any CPU
		{D452291D-8FBD-4726-A1EB-B219221B09B0}.Release|Any CPU.Build.0 = Release|Any CPU
	EndGlobalSection
	GlobalSection(SolutionProperties) = preSolution
		HideSolutionNode = FALSE
	EndGlobalSection
	GlobalSection(ExtensibilityGlobals) = postSolution
		SolutionGuid = {D638D8AA-3765-4B68-8AC3-EA850AB1FF2E}
	EndGlobalSection
EndGlobal
